
Microsoft Visual Studio Solution File, Format Version 12.00
# Visual Studio Version 18
VisualStudioVersion = 18.9.12120.119 stable
MinimumVisualStudioVersion = 10.0.40219.1
Project("{FAE04EC0-301F-11D3-BF4B-00C04F79EFBC}") = "Gradjevinska_firmaWebAPI", "Gradjevinska_firmaWebAPI\Gradjevinska_firmaWebAPI.csproj", "{F2AEC33F-CF93-4261-8ED0-5CF80DFE35E1}"
EndProject
Project("{FAE04EC0-301F-11D3-BF4B-00C04F79EFBC}") = "Gradjevinska_firmaLibrary", "Gradjevinska_firmaLibrary\Gradjevinska_firmaLibrary.csproj", "{EEA77628-33D7-4F79-9985-8C3117B8E4EC}"
EndProject
Global
	GlobalSection(SolutionConfigurationPlatforms) = preSolution
		Debug|Any CPU = Debug|Any CPU
		Release|Any CPU = Release|Any CPU
	EndGlobalSection
	GlobalSection(ProjectConfigurationPlatforms) = postSolution
		{F2AEC33F-CF93-4261-8ED0-5CF80DFE35E1}.Debug|Any CPU.ActiveCfg = Debug|Any CPU
		{F2AEC33F-CF93-4261-8ED0-5CF80DFE35E1}.Debug|Any CPU.Build.0 = Debug|Any CPU
		{F2AEC33F-CF93-4261-8ED0-5CF80DFE35E1}.Release|Any CPU.ActiveCfg = Release|Any CPU
		{F2AEC33F-CF93-4261-8ED0-5CF80DFE35E1}.Release|Any CPU.Build.0 = Release|Any CPU
		{EEA77628-33D7-4F79-9985-8C3117B8E4EC}.Debug|Any CPU.ActiveCfg = Debug|Any CPU
		{EEA77628-33D7-4F79-9985-8C3117B8E4EC}.Debug|Any CPU.Build.0 = Debug|Any CPU
		{EEA77628-33D7-4F79-9985-8C3117B8E4EC}.Release|Any CPU.ActiveCfg = Release|Any CPU
		{EEA77628-33D7-4F79-9985-8C3117B8E4EC}.Release|Any CPU.Build.0 = Release|Any CPU
	EndGlobalSection
	GlobalSection(SolutionProperties) = preSolution
		HideSolutionNode = FALSE
	EndGlobalSection
	GlobalSection(ExtensibilityGlobals) = postSolution
		SolutionGuid = {4017A8B8-FACF-40F1-B137-CD53C56254D7}
	EndGlobalSection
EndGlobal
